// !$*UTF8*$!
{
	archiveVersion = 1;
	classes = {};
	objectVersion = 56;
	objects = {
		2461044A74DE41229A6AAD8D /* App/NanamiCatApp.swift in Sources */ = {isa = PBXBuildFile; fileRef = 7D38D13E3AB74971A403FE72 /* App/NanamiCatApp.swift */; };
		AC3E7E98ED22448AB1F830C5 /* App/RootTabView.swift in Sources */ = {isa = PBXBuildFile; fileRef = 7418195D03E246AC83008DA5 /* App/RootTabView.swift */; };
		CA563D0B372549F69642200A /* Core/Models/GameModels.swift in Sources */ = {isa = PBXBuildFile; fileRef = 7AB31467F6EE4776B1989505 /* Core/Models/GameModels.swift */; };
		80C86390D63B4047B838E706 /* Core/Networking/APIClient.swift in Sources */ = {isa = PBXBuildFile; fileRef = 718CAED30A39413CBF6FA15C /* Core/Networking/APIClient.swift */; };
		264751199C4B4908BDEC39C1 /* Core/Persistence/UserDefaultsStore.swift in Sources */ = {isa = PBXBuildFile; fileRef = 4C6E53DF7DDA47F596E16D03 /* Core/Persistence/UserDefaultsStore.swift */; };
		E9AB811A37EC49FEBB41F481 /* Core/PuzzleEngine/PuzzleEngine.swift in Sources */ = {isa = PBXBuildFile; fileRef = FCDACC602D9644F8B7B4226E /* Core/PuzzleEngine/PuzzleEngine.swift */; };
		1D9D0C81256D469EBC675B7A /* DesignSystem/DesignSystem.swift in Sources */ = {isa = PBXBuildFile; fileRef = 18466DD6F7D54F8B815FF57B /* DesignSystem/DesignSystem.swift */; };
		BDE65D6837C2419ABCE416A8 /* DesignSystem/L10n.swift in Sources */ = {isa = PBXBuildFile; fileRef = D4D64AC8DFBC4A188C9C2395 /* DesignSystem/L10n.swift */; };
		A41F5026B89149CD965D9F0D /* Features/Contribute/ContributeView.swift in Sources */ = {isa = PBXBuildFile; fileRef = 64A251EE528648E29088E55C /* Features/Contribute/ContributeView.swift */; };
		44D3997166B4479E9B965B45 /* Features/Game/GameView.swift in Sources */ = {isa = PBXBuildFile; fileRef = A9A7283CC1BB4E37A048F38B /* Features/Game/GameView.swift */; };
		73F02F0FE57B49CE987E8CAD /* Features/Game/GameViewModel.swift in Sources */ = {isa = PBXBuildFile; fileRef = 8072EB86E948441C95AF6DAB /* Features/Game/GameViewModel.swift */; };
		060FB2833ECB4F72A348CDFF /* Features/Leaderboard/LeaderboardView.swift in Sources */ = {isa = PBXBuildFile; fileRef = 0FB5472FDD6A4D03B84627A9 /* Features/Leaderboard/LeaderboardView.swift */; };
		41E78C9B281A47A39030CE66 /* Features/Settings/SettingsView.swift in Sources */ = {isa = PBXBuildFile; fileRef = E5403BE2F7C84413B2495EB8 /* Features/Settings/SettingsView.swift */; };
		BF779049750243D4BF4C245B /* Resources/puzzle-data.json in Resources */ = {isa = PBXBuildFile; fileRef = A557A5300F8543209CDE9067 /* Resources/puzzle-data.json */; };
		811A86300BD04C7B8ABD6EF1 /* Resources/wechat-pay.jpg in Resources */ = {isa = PBXBuildFile; fileRef = 9DA1623C3D34421C8D10B2A7 /* Resources/wechat-pay.jpg */; };
		9F2612D9B075446280FE8FBE /* Resources/Assets.xcassets in Resources */ = {isa = PBXBuildFile; fileRef = 633C02C2B3614501AE52B97E /* Resources/Assets.xcassets */; };
		7D38D13E3AB74971A403FE72 /* App/NanamiCatApp.swift */ = {isa = PBXFileReference; lastKnownFileType = sourcecode.swift; path = "App/NanamiCatApp.swift"; sourceTree = "<group>"; };
		7418195D03E246AC83008DA5 /* App/RootTabView.swift */ = {isa = PBXFileReference; lastKnownFileType = sourcecode.swift; path = "App/RootTabView.swift"; sourceTree = "<group>"; };
		7AB31467F6EE4776B1989505 /* Core/Models/GameModels.swift */ = {isa = PBXFileReference; lastKnownFileType = sourcecode.swift; path = "Core/Models/GameModels.swift"; sourceTree = "<group>"; };
		718CAED30A39413CBF6FA15C /* Core/Networking/APIClient.swift */ = {isa = PBXFileReference; lastKnownFileType = sourcecode.swift; path = "Core/Networking/APIClient.swift"; sourceTree = "<group>"; };
		4C6E53DF7DDA47F596E16D03 /* Core/Persistence/UserDefaultsStore.swift */ = {isa = PBXFileReference; lastKnownFileType = sourcecode.swift; path = "Core/Persistence/UserDefaultsStore.swift"; sourceTree = "<group>"; };
		FCDACC602D9644F8B7B4226E /* Core/PuzzleEngine/PuzzleEngine.swift */ = {isa = PBXFileReference; lastKnownFileType = sourcecode.swift; path = "Core/PuzzleEngine/PuzzleEngine.swift"; sourceTree = "<group>"; };
		18466DD6F7D54F8B815FF57B /* DesignSystem/DesignSystem.swift */ = {isa = PBXFileReference; lastKnownFileType = sourcecode.swift; path = "DesignSystem/DesignSystem.swift"; sourceTree = "<group>"; };
		D4D64AC8DFBC4A188C9C2395 /* DesignSystem/L10n.swift */ = {isa = PBXFileReference; lastKnownFileType = sourcecode.swift; path = "DesignSystem/L10n.swift"; sourceTree = "<group>"; };
		64A251EE528648E29088E55C /* Features/Contribute/ContributeView.swift */ = {isa = PBXFileReference; lastKnownFileType = sourcecode.swift; path = "Features/Contribute/ContributeView.swift"; sourceTree = "<group>"; };
		A9A7283CC1BB4E37A048F38B /* Features/Game/GameView.swift */ = {isa = PBXFileReference; lastKnownFileType = sourcecode.swift; path = "Features/Game/GameView.swift"; sourceTree = "<group>"; };
		8072EB86E948441C95AF6DAB /* Features/Game/GameViewModel.swift */ = {isa = PBXFileReference; lastKnownFileType = sourcecode.swift; path = "Features/Game/GameViewModel.swift"; sourceTree = "<group>"; };
		0FB5472FDD6A4D03B84627A9 /* Features/Leaderboard/LeaderboardView.swift */ = {isa = PBXFileReference; lastKnownFileType = sourcecode.swift; path = "Features/Leaderboard/LeaderboardView.swift"; sourceTree = "<group>"; };
		E5403BE2F7C84413B2495EB8 /* Features/Settings/SettingsView.swift */ = {isa = PBXFileReference; lastKnownFileType = sourcecode.swift; path = "Features/Settings/SettingsView.swift"; sourceTree = "<group>"; };
		A557A5300F8543209CDE9067 /* Resources/puzzle-data.json */ = {isa = PBXFileReference; lastKnownFileType = text.json; path = "Resources/puzzle-data.json"; sourceTree = "<group>"; };
		9DA1623C3D34421C8D10B2A7 /* Resources/wechat-pay.jpg */ = {isa = PBXFileReference; lastKnownFileType = image.jpeg; path = "Resources/wechat-pay.jpg"; sourceTree = "<group>"; };
		633C02C2B3614501AE52B97E /* Resources/Assets.xcassets */ = {isa = PBXFileReference; lastKnownFileType = folder.assetcatalog; path = "Resources/Assets.xcassets"; sourceTree = "<group>"; };
		8089E3210AE640EDBFA93089 /* NanamiCat.app */ = {isa = PBXFileReference; explicitFileType = wrapper.application; includeInIndex = 0; path = NanamiCat.app; sourceTree = BUILT_PRODUCTS_DIR; };
		52C3AD4FE23749C989D0A134 = {isa = PBXGroup; children = (2FFDD11AEEFF4B3FAD463753 /* NanamiCat */, AEAA18DB45AF486BB5ABDBD3 /* Products */); sourceTree = "<group>"; };
		AEAA18DB45AF486BB5ABDBD3 /* Products */ = {isa = PBXGroup; children = (8089E3210AE640EDBFA93089 /* NanamiCat.app */); name = Products; sourceTree = "<group>"; };
		2FFDD11AEEFF4B3FAD463753 /* NanamiCat */ = {isa = PBXGroup; children = (7D38D13E3AB74971A403FE72 /* App/NanamiCatApp.swift */, 7418195D03E246AC83008DA5 /* App/RootTabView.swift */, 7AB31467F6EE4776B1989505 /* Core/Models/GameModels.swift */, 718CAED30A39413CBF6FA15C /* Core/Networking/APIClient.swift */, 4C6E53DF7DDA47F596E16D03 /* Core/Persistence/UserDefaultsStore.swift */, FCDACC602D9644F8B7B4226E /* Core/PuzzleEngine/PuzzleEngine.swift */, 18466DD6F7D54F8B815FF57B /* DesignSystem/DesignSystem.swift */, D4D64AC8DFBC4A188C9C2395 /* DesignSystem/L10n.swift */, 64A251EE528648E29088E55C /* Features/Contribute/ContributeView.swift */, A9A7283CC1BB4E37A048F38B /* Features/Game/GameView.swift */, 8072EB86E948441C95AF6DAB /* Features/Game/GameViewModel.swift */, 0FB5472FDD6A4D03B84627A9 /* Features/Leaderboard/LeaderboardView.swift */, E5403BE2F7C84413B2495EB8 /* Features/Settings/SettingsView.swift */, A557A5300F8543209CDE9067 /* Resources/puzzle-data.json */, 9DA1623C3D34421C8D10B2A7 /* Resources/wechat-pay.jpg */, 633C02C2B3614501AE52B97E /* Resources/Assets.xcassets */); path = NanamiCat; sourceTree = "<group>"; };
		53F171A63F5F4C0C9A4AB52E /* Frameworks */ = {isa = PBXFrameworksBuildPhase; buildActionMask = 2147483647; files = (); runOnlyForDeploymentPostprocessing = 0; };
		E0BCABCBA3DD4763881CBE63 /* Sources */ = {isa = PBXSourcesBuildPhase; buildActionMask = 2147483647; files = (2461044A74DE41229A6AAD8D /* App/NanamiCatApp.swift in Sources */, AC3E7E98ED22448AB1F830C5 /* App/RootTabView.swift in Sources */, CA563D0B372549F69642200A /* Core/Models/GameModels.swift in Sources */, 80C86390D63B4047B838E706 /* Core/Networking/APIClient.swift in Sources */, 264751199C4B4908BDEC39C1 /* Core/Persistence/UserDefaultsStore.swift in Sources */, E9AB811A37EC49FEBB41F481 /* Core/PuzzleEngine/PuzzleEngine.swift in Sources */, 1D9D0C81256D469EBC675B7A /* DesignSystem/DesignSystem.swift in Sources */, BDE65D6837C2419ABCE416A8 /* DesignSystem/L10n.swift in Sources */, A41F5026B89149CD965D9F0D /* Features/Contribute/ContributeView.swift in Sources */, 44D3997166B4479E9B965B45 /* Features/Game/GameView.swift in Sources */, 73F02F0FE57B49CE987E8CAD /* Features/Game/GameViewModel.swift in Sources */, 060FB2833ECB4F72A348CDFF /* Features/Leaderboard/LeaderboardView.swift in Sources */, 41E78C9B281A47A39030CE66 /* Features/Settings/SettingsView.swift in Sources */); runOnlyForDeploymentPostprocessing = 0; };
		62A0478A68E140EC86366D72 /* Resources */ = {isa = PBXResourcesBuildPhase; buildActionMask = 2147483647; files = (BF779049750243D4BF4C245B /* Resources/puzzle-data.json in Resources */, 811A86300BD04C7B8ABD6EF1 /* Resources/wechat-pay.jpg in Resources */, 9F2612D9B075446280FE8FBE /* Resources/Assets.xcassets in Resources */); runOnlyForDeploymentPostprocessing = 0; };
		0D8E8B7C3D414DCA92F5CB47 /* NanamiCat */ = {isa = PBXNativeTarget; buildConfigurationList = FD167224613A4F138762CD70; buildPhases = (E0BCABCBA3DD4763881CBE63 /* Sources */, 53F171A63F5F4C0C9A4AB52E /* Frameworks */, 62A0478A68E140EC86366D72 /* Resources */); buildRules = (); dependencies = (); name = NanamiCat; productName = NanamiCat; productReference = 8089E3210AE640EDBFA93089; productType = "com.apple.product-type.application"; };
		CB37A259928F4270A3AAA435 /* Project object */ = {isa = PBXProject; attributes = {BuildIndependentTargetsInParallel = 1;}; buildConfigurationList = 1BB3A2F6837D4E57A5D95534; compatibilityVersion = "Xcode 14.0"; developmentRegion = en; hasScannedForEncodings = 0; knownRegions = (en, Base, "zh-Hans"); mainGroup = 52C3AD4FE23749C989D0A134; productRefGroup = AEAA18DB45AF486BB5ABDBD3; projectDirPath = ""; projectRoot = ""; targets = (0D8E8B7C3D414DCA92F5CB47); };
		CB86B11BFE154450B810E643 /* Debug */ = {isa = XCBuildConfiguration; buildSettings = {ASSETCATALOG_COMPILER_APPICON_NAME = AppIcon;
				CLANG_ENABLE_MODULES = YES;
				CURRENT_PROJECT_VERSION = 1;
				ENABLE_PREVIEWS = YES;
				GENERATE_INFOPLIST_FILE = YES;
				INFOPLIST_KEY_CFBundleDisplayName = "四格寻踪";
				INFOPLIST_KEY_UIApplicationSceneManifest_Generation = YES;
				INFOPLIST_KEY_UILaunchScreen_Generation = YES;
				INFOPLIST_KEY_UISupportedInterfaceOrientations = UIInterfaceOrientationPortrait;
				IPHONEOS_DEPLOYMENT_TARGET = 17.0;
				LD_RUNPATH_SEARCH_PATHS = "$(inherited) @executable_path/Frameworks";
				MARKETING_VERSION = 1.0;
				PRODUCT_BUNDLE_IDENTIFIER = com.nanamicat.app;
				PRODUCT_NAME = "$(TARGET_NAME)";
				SDKROOT = iphoneos;
				SUPPORTED_PLATFORMS = "iphoneos iphonesimulator";
				SWIFT_EMIT_LOC_STRINGS = YES;
				SWIFT_VERSION = 5.0;
				TARGETED_DEVICE_FAMILY = "1,2";
				SWIFT_ACTIVE_COMPILATION_CONDITIONS = DEBUG;
				ALWAYS_SEARCH_USER_PATHS = NO;}; name = Debug; };
		670A65D3DF8A40F6AFDF2A83 /* Release */ = {isa = XCBuildConfiguration; buildSettings = {ASSETCATALOG_COMPILER_APPICON_NAME = AppIcon;
				CLANG_ENABLE_MODULES = YES;
				CURRENT_PROJECT_VERSION = 1;
				ENABLE_PREVIEWS = YES;
				GENERATE_INFOPLIST_FILE = YES;
				INFOPLIST_KEY_CFBundleDisplayName = "四格寻踪";
				INFOPLIST_KEY_UIApplicationSceneManifest_Generation = YES;
				INFOPLIST_KEY_UILaunchScreen_Generation = YES;
				INFOPLIST_KEY_UISupportedInterfaceOrientations = UIInterfaceOrientationPortrait;
				IPHONEOS_DEPLOYMENT_TARGET = 17.0;
				LD_RUNPATH_SEARCH_PATHS = "$(inherited) @executable_path/Frameworks";
				MARKETING_VERSION = 1.0;
				PRODUCT_BUNDLE_IDENTIFIER = com.nanamicat.app;
				PRODUCT_NAME = "$(TARGET_NAME)";
				SDKROOT = iphoneos;
				SUPPORTED_PLATFORMS = "iphoneos iphonesimulator";
				SWIFT_EMIT_LOC_STRINGS = YES;
				SWIFT_VERSION = 5.0;
				TARGETED_DEVICE_FAMILY = "1,2";
				ALWAYS_SEARCH_USER_PATHS = NO;}; name = Release; };
		CC4BDF6A2CFE4F77A9EF4BA3 /* Debug */ = {isa = XCBuildConfiguration; buildSettings = {ASSETCATALOG_COMPILER_APPICON_NAME = AppIcon;
				CLANG_ENABLE_MODULES = YES;
				CURRENT_PROJECT_VERSION = 1;
				ENABLE_PREVIEWS = YES;
				GENERATE_INFOPLIST_FILE = YES;
				INFOPLIST_KEY_CFBundleDisplayName = "四格寻踪";
				INFOPLIST_KEY_UIApplicationSceneManifest_Generation = YES;
				INFOPLIST_KEY_UILaunchScreen_Generation = YES;
				INFOPLIST_KEY_UISupportedInterfaceOrientations = UIInterfaceOrientationPortrait;
				IPHONEOS_DEPLOYMENT_TARGET = 17.0;
				LD_RUNPATH_SEARCH_PATHS = "$(inherited) @executable_path/Frameworks";
				MARKETING_VERSION = 1.0;
				PRODUCT_BUNDLE_IDENTIFIER = com.nanamicat.app;
				PRODUCT_NAME = "$(TARGET_NAME)";
				SDKROOT = iphoneos;
				SUPPORTED_PLATFORMS = "iphoneos iphonesimulator";
				SWIFT_EMIT_LOC_STRINGS = YES;
				SWIFT_VERSION = 5.0;
				TARGETED_DEVICE_FAMILY = "1,2";
				CODE_SIGN_STYLE = Automatic;}; name = Debug; };
		E1FA21C941E24008927F09D8 /* Release */ = {isa = XCBuildConfiguration; buildSettings = {ASSETCATALOG_COMPILER_APPICON_NAME = AppIcon;
				CLANG_ENABLE_MODULES = YES;
				CURRENT_PROJECT_VERSION = 1;
				ENABLE_PREVIEWS = YES;
				GENERATE_INFOPLIST_FILE = YES;
				INFOPLIST_KEY_CFBundleDisplayName = "四格寻踪";
				INFOPLIST_KEY_UIApplicationSceneManifest_Generation = YES;
				INFOPLIST_KEY_UILaunchScreen_Generation = YES;
				INFOPLIST_KEY_UISupportedInterfaceOrientations = UIInterfaceOrientationPortrait;
				IPHONEOS_DEPLOYMENT_TARGET = 17.0;
				LD_RUNPATH_SEARCH_PATHS = "$(inherited) @executable_path/Frameworks";
				MARKETING_VERSION = 1.0;
				PRODUCT_BUNDLE_IDENTIFIER = com.nanamicat.app;
				PRODUCT_NAME = "$(TARGET_NAME)";
				SDKROOT = iphoneos;
				SUPPORTED_PLATFORMS = "iphoneos iphonesimulator";
				SWIFT_EMIT_LOC_STRINGS = YES;
				SWIFT_VERSION = 5.0;
				TARGETED_DEVICE_FAMILY = "1,2";
				CODE_SIGN_STYLE = Automatic;}; name = Release; };
		1BB3A2F6837D4E57A5D95534 = {isa = XCConfigurationList; buildConfigurations = (CB86B11BFE154450B810E643 /* Debug */, 670A65D3DF8A40F6AFDF2A83 /* Release */); defaultConfigurationIsVisible = 0; defaultConfigurationName = Release; };
		FD167224613A4F138762CD70 = {isa = XCConfigurationList; buildConfigurations = (CC4BDF6A2CFE4F77A9EF4BA3 /* Debug */, E1FA21C941E24008927F09D8 /* Release */); defaultConfigurationIsVisible = 0; defaultConfigurationName = Release; };
	};
	rootObject = CB37A259928F4270A3AAA435 /* Project object */;
}
