// !$*UTF8*$!
{
	archiveVersion = 1;
	classes = {};
	objectVersion = 56;
	objects = {
		EB973682FB2E48C28D6B667F /* App/NanamiCatApp.swift in Sources */ = {isa = PBXBuildFile; fileRef = 862F13EA4A0C40C69FA8D54D /* App/NanamiCatApp.swift */; };
		D32C4C8DD72C44158DDA6E10 /* App/RootTabView.swift in Sources */ = {isa = PBXBuildFile; fileRef = D58690FBAFDF40E89B9B8224 /* App/RootTabView.swift */; };
		4E4231B5ED084366960FCEF7 /* App/SplashGateView.swift in Sources */ = {isa = PBXBuildFile; fileRef = DA21EE813D114F45B2D04048 /* App/SplashGateView.swift */; };
		8967E4097CE94DC484B85512 /* Core/Ads/SplashAdCoordinator.swift in Sources */ = {isa = PBXBuildFile; fileRef = 077C6F5642F145E3AE670FFC /* Core/Ads/SplashAdCoordinator.swift */; };
		A55B613F0B304D1DBE2D4B3A /* Core/Models/GameModels.swift in Sources */ = {isa = PBXBuildFile; fileRef = 09DC252E049E4A0585DE641B /* Core/Models/GameModels.swift */; };
		25B4D50A86C44DADBC2587A1 /* Core/Networking/APIClient.swift in Sources */ = {isa = PBXBuildFile; fileRef = B85E23BB29F544E881F594BA /* Core/Networking/APIClient.swift */; };
		48F612B2838948ACAB248D89 /* Core/Persistence/UserDefaultsStore.swift in Sources */ = {isa = PBXBuildFile; fileRef = 44EEC3E2C45B47029E6910EF /* Core/Persistence/UserDefaultsStore.swift */; };
		09EF6108A6014B0E9502636C /* Core/PuzzleEngine/PuzzleEngine.swift in Sources */ = {isa = PBXBuildFile; fileRef = A08F54C9FFAE4363B89D33FF /* Core/PuzzleEngine/PuzzleEngine.swift */; };
		6565EA6F78A7473795C5485F /* DesignSystem/DesignSystem.swift in Sources */ = {isa = PBXBuildFile; fileRef = DDBFF77D1618475598115D4A /* DesignSystem/DesignSystem.swift */; };
		29074B12C42E43CCBD0854E6 /* DesignSystem/L10n.swift in Sources */ = {isa = PBXBuildFile; fileRef = 388B8E4A8A804E6AA7300821 /* DesignSystem/L10n.swift */; };
		9F596E5BBFDE460387A091C7 /* Features/Contribute/ContributeView.swift in Sources */ = {isa = PBXBuildFile; fileRef = DE58BD31F82341418BC9F3D5 /* Features/Contribute/ContributeView.swift */; };
		D5DFBA8D6FAE41CCBFC41693 /* Features/Game/GameView.swift in Sources */ = {isa = PBXBuildFile; fileRef = D0859AE5035F4057A1C57764 /* Features/Game/GameView.swift */; };
		BD7C31508E91470F8B0EF492 /* Features/Game/GameViewModel.swift in Sources */ = {isa = PBXBuildFile; fileRef = 9C3A897A17AD422793CDB337 /* Features/Game/GameViewModel.swift */; };
		0731885C4DED4909AAA25EF1 /* Features/Leaderboard/LeaderboardView.swift in Sources */ = {isa = PBXBuildFile; fileRef = FD6A77980D144EBB889BF159 /* Features/Leaderboard/LeaderboardView.swift */; };
		8CFE8A47D926439C99D5D184 /* Features/Settings/SettingsView.swift in Sources */ = {isa = PBXBuildFile; fileRef = 99313DD35BA04AAAB1601933 /* Features/Settings/SettingsView.swift */; };
		A71CA53FA6864D9498D3AB1C /* Resources/puzzle-data.json in Resources */ = {isa = PBXBuildFile; fileRef = DE8C8B387E2545FF9F48F59C /* Resources/puzzle-data.json */; };
		E36D05F571224698847906F8 /* Resources/Assets.xcassets in Resources */ = {isa = PBXBuildFile; fileRef = A4E6555332574E8990EA9024 /* Resources/Assets.xcassets */; };
		862F13EA4A0C40C69FA8D54D /* App/NanamiCatApp.swift */ = {isa = PBXFileReference; lastKnownFileType = sourcecode.swift; path = "App/NanamiCatApp.swift"; sourceTree = "<group>"; };
		D58690FBAFDF40E89B9B8224 /* App/RootTabView.swift */ = {isa = PBXFileReference; lastKnownFileType = sourcecode.swift; path = "App/RootTabView.swift"; sourceTree = "<group>"; };
		DA21EE813D114F45B2D04048 /* App/SplashGateView.swift */ = {isa = PBXFileReference; lastKnownFileType = sourcecode.swift; path = "App/SplashGateView.swift"; sourceTree = "<group>"; };
		077C6F5642F145E3AE670FFC /* Core/Ads/SplashAdCoordinator.swift */ = {isa = PBXFileReference; lastKnownFileType = sourcecode.swift; path = "Core/Ads/SplashAdCoordinator.swift"; sourceTree = "<group>"; };
		09DC252E049E4A0585DE641B /* Core/Models/GameModels.swift */ = {isa = PBXFileReference; lastKnownFileType = sourcecode.swift; path = "Core/Models/GameModels.swift"; sourceTree = "<group>"; };
		B85E23BB29F544E881F594BA /* Core/Networking/APIClient.swift */ = {isa = PBXFileReference; lastKnownFileType = sourcecode.swift; path = "Core/Networking/APIClient.swift"; sourceTree = "<group>"; };
		44EEC3E2C45B47029E6910EF /* Core/Persistence/UserDefaultsStore.swift */ = {isa = PBXFileReference; lastKnownFileType = sourcecode.swift; path = "Core/Persistence/UserDefaultsStore.swift"; sourceTree = "<group>"; };
		A08F54C9FFAE4363B89D33FF /* Core/PuzzleEngine/PuzzleEngine.swift */ = {isa = PBXFileReference; lastKnownFileType = sourcecode.swift; path = "Core/PuzzleEngine/PuzzleEngine.swift"; sourceTree = "<group>"; };
		DDBFF77D1618475598115D4A /* DesignSystem/DesignSystem.swift */ = {isa = PBXFileReference; lastKnownFileType = sourcecode.swift; path = "DesignSystem/DesignSystem.swift"; sourceTree = "<group>"; };
		388B8E4A8A804E6AA7300821 /* DesignSystem/L10n.swift */ = {isa = PBXFileReference; lastKnownFileType = sourcecode.swift; path = "DesignSystem/L10n.swift"; sourceTree = "<group>"; };
		DE58BD31F82341418BC9F3D5 /* Features/Contribute/ContributeView.swift */ = {isa = PBXFileReference; lastKnownFileType = sourcecode.swift; path = "Features/Contribute/ContributeView.swift"; sourceTree = "<group>"; };
		D0859AE5035F4057A1C57764 /* Features/Game/GameView.swift */ = {isa = PBXFileReference; lastKnownFileType = sourcecode.swift; path = "Features/Game/GameView.swift"; sourceTree = "<group>"; };
		9C3A897A17AD422793CDB337 /* Features/Game/GameViewModel.swift */ = {isa = PBXFileReference; lastKnownFileType = sourcecode.swift; path = "Features/Game/GameViewModel.swift"; sourceTree = "<group>"; };
		FD6A77980D144EBB889BF159 /* Features/Leaderboard/LeaderboardView.swift */ = {isa = PBXFileReference; lastKnownFileType = sourcecode.swift; path = "Features/Leaderboard/LeaderboardView.swift"; sourceTree = "<group>"; };
		99313DD35BA04AAAB1601933 /* Features/Settings/SettingsView.swift */ = {isa = PBXFileReference; lastKnownFileType = sourcecode.swift; path = "Features/Settings/SettingsView.swift"; sourceTree = "<group>"; };
		DE8C8B387E2545FF9F48F59C /* Resources/puzzle-data.json */ = {isa = PBXFileReference; lastKnownFileType = text.json; path = "Resources/puzzle-data.json"; sourceTree = "<group>"; };
		A4E6555332574E8990EA9024 /* Resources/Assets.xcassets */ = {isa = PBXFileReference; lastKnownFileType = folder.assetcatalog; path = "Resources/Assets.xcassets"; sourceTree = "<group>"; };
		7CAC6A4F5A864FC48D8B3AA3 /* NanamiCat.app */ = {isa = PBXFileReference; explicitFileType = wrapper.application; includeInIndex = 0; path = NanamiCat.app; sourceTree = BUILT_PRODUCTS_DIR; };
		851CCF4DBE34447C8B4AD4D4 = {isa = PBXGroup; children = (3C2E19C51C5547B199306E9F /* NanamiCat */, 32565A8C05664C699E401124 /* Products */); sourceTree = "<group>"; };
		32565A8C05664C699E401124 /* Products */ = {isa = PBXGroup; children = (7CAC6A4F5A864FC48D8B3AA3 /* NanamiCat.app */); name = Products; sourceTree = "<group>"; };
		3C2E19C51C5547B199306E9F /* NanamiCat */ = {isa = PBXGroup; children = (862F13EA4A0C40C69FA8D54D /* App/NanamiCatApp.swift */, D58690FBAFDF40E89B9B8224 /* App/RootTabView.swift */, DA21EE813D114F45B2D04048 /* App/SplashGateView.swift */, 077C6F5642F145E3AE670FFC /* Core/Ads/SplashAdCoordinator.swift */, 09DC252E049E4A0585DE641B /* Core/Models/GameModels.swift */, B85E23BB29F544E881F594BA /* Core/Networking/APIClient.swift */, 44EEC3E2C45B47029E6910EF /* Core/Persistence/UserDefaultsStore.swift */, A08F54C9FFAE4363B89D33FF /* Core/PuzzleEngine/PuzzleEngine.swift */, DDBFF77D1618475598115D4A /* DesignSystem/DesignSystem.swift */, 388B8E4A8A804E6AA7300821 /* DesignSystem/L10n.swift */, DE58BD31F82341418BC9F3D5 /* Features/Contribute/ContributeView.swift */, D0859AE5035F4057A1C57764 /* Features/Game/GameView.swift */, 9C3A897A17AD422793CDB337 /* Features/Game/GameViewModel.swift */, FD6A77980D144EBB889BF159 /* Features/Leaderboard/LeaderboardView.swift */, 99313DD35BA04AAAB1601933 /* Features/Settings/SettingsView.swift */, DE8C8B387E2545FF9F48F59C /* Resources/puzzle-data.json */, A4E6555332574E8990EA9024 /* Resources/Assets.xcassets */); path = NanamiCat; sourceTree = "<group>"; };
		B0C6DA7011874F519FCB4E40 /* Frameworks */ = {isa = PBXFrameworksBuildPhase; buildActionMask = 2147483647; files = (); runOnlyForDeploymentPostprocessing = 0; };
		433DD5793EE24045A00F2466 /* Sources */ = {isa = PBXSourcesBuildPhase; buildActionMask = 2147483647; files = (EB973682FB2E48C28D6B667F /* App/NanamiCatApp.swift in Sources */, D32C4C8DD72C44158DDA6E10 /* App/RootTabView.swift in Sources */, 4E4231B5ED084366960FCEF7 /* App/SplashGateView.swift in Sources */, 8967E4097CE94DC484B85512 /* Core/Ads/SplashAdCoordinator.swift in Sources */, A55B613F0B304D1DBE2D4B3A /* Core/Models/GameModels.swift in Sources */, 25B4D50A86C44DADBC2587A1 /* Core/Networking/APIClient.swift in Sources */, 48F612B2838948ACAB248D89 /* Core/Persistence/UserDefaultsStore.swift in Sources */, 09EF6108A6014B0E9502636C /* Core/PuzzleEngine/PuzzleEngine.swift in Sources */, 6565EA6F78A7473795C5485F /* DesignSystem/DesignSystem.swift in Sources */, 29074B12C42E43CCBD0854E6 /* DesignSystem/L10n.swift in Sources */, 9F596E5BBFDE460387A091C7 /* Features/Contribute/ContributeView.swift in Sources */, D5DFBA8D6FAE41CCBFC41693 /* Features/Game/GameView.swift in Sources */, BD7C31508E91470F8B0EF492 /* Features/Game/GameViewModel.swift in Sources */, 0731885C4DED4909AAA25EF1 /* Features/Leaderboard/LeaderboardView.swift in Sources */, 8CFE8A47D926439C99D5D184 /* Features/Settings/SettingsView.swift in Sources */); runOnlyForDeploymentPostprocessing = 0; };
		8588E4B782614A9AABC2FF5C /* Resources */ = {isa = PBXResourcesBuildPhase; buildActionMask = 2147483647; files = (A71CA53FA6864D9498D3AB1C /* Resources/puzzle-data.json in Resources */, E36D05F571224698847906F8 /* Resources/Assets.xcassets in Resources */); runOnlyForDeploymentPostprocessing = 0; };
		80013065E3964D46ABF32901 /* NanamiCat */ = {isa = PBXNativeTarget; buildConfigurationList = D7ADC1AE3B8348809F6C185B; buildPhases = (433DD5793EE24045A00F2466 /* Sources */, B0C6DA7011874F519FCB4E40 /* Frameworks */, 8588E4B782614A9AABC2FF5C /* Resources */); buildRules = (); dependencies = (); name = NanamiCat; productName = NanamiCat; productReference = 7CAC6A4F5A864FC48D8B3AA3; productType = "com.apple.product-type.application"; };
		900B145EFD644BB5A2F9BD5B /* Project object */ = {isa = PBXProject; attributes = {BuildIndependentTargetsInParallel = 1;}; buildConfigurationList = 708098EFBECC462AB9DC2C14; compatibilityVersion = "Xcode 14.0"; developmentRegion = en; hasScannedForEncodings = 0; knownRegions = (en, Base, "zh-Hans"); mainGroup = 851CCF4DBE34447C8B4AD4D4; productRefGroup = 32565A8C05664C699E401124; projectDirPath = ""; projectRoot = ""; targets = (80013065E3964D46ABF32901); };
		03A1416D2E4243DD9817D0C1 /* Debug */ = {isa = XCBuildConfiguration; buildSettings = {ASSETCATALOG_COMPILER_APPICON_NAME = AppIcon;
				CLANG_ENABLE_MODULES = YES;
				CURRENT_PROJECT_VERSION = 1;
				ENABLE_PREVIEWS = YES;
				GENERATE_INFOPLIST_FILE = YES;
				INFOPLIST_FILE = NanamiCat/Info.plist;
				IPHONEOS_DEPLOYMENT_TARGET = 17.0;
				LD_RUNPATH_SEARCH_PATHS = "$(inherited) @executable_path/Frameworks";
				MARKETING_VERSION = 1.0;
				PRODUCT_BUNDLE_IDENTIFIER = com.nanamicat.app;
				PRODUCT_NAME = "$(TARGET_NAME)";
				SDKROOT = iphoneos;
				SUPPORTED_PLATFORMS = "iphoneos iphonesimulator";
				SWIFT_EMIT_LOC_STRINGS = YES;
				SWIFT_VERSION = 5.0;
				TARGETED_DEVICE_FAMILY = 1;
				SWIFT_ACTIVE_COMPILATION_CONDITIONS = DEBUG;
				ALWAYS_SEARCH_USER_PATHS = NO;}; name = Debug; };
		DB830BB7700644CF90F73733 /* Release */ = {isa = XCBuildConfiguration; buildSettings = {ASSETCATALOG_COMPILER_APPICON_NAME = AppIcon;
				CLANG_ENABLE_MODULES = YES;
				CURRENT_PROJECT_VERSION = 1;
				ENABLE_PREVIEWS = YES;
				GENERATE_INFOPLIST_FILE = YES;
				INFOPLIST_FILE = NanamiCat/Info.plist;
				IPHONEOS_DEPLOYMENT_TARGET = 17.0;
				LD_RUNPATH_SEARCH_PATHS = "$(inherited) @executable_path/Frameworks";
				MARKETING_VERSION = 1.0;
				PRODUCT_BUNDLE_IDENTIFIER = com.nanamicat.app;
				PRODUCT_NAME = "$(TARGET_NAME)";
				SDKROOT = iphoneos;
				SUPPORTED_PLATFORMS = "iphoneos iphonesimulator";
				SWIFT_EMIT_LOC_STRINGS = YES;
				SWIFT_VERSION = 5.0;
				TARGETED_DEVICE_FAMILY = 1;
				ALWAYS_SEARCH_USER_PATHS = NO;}; name = Release; };
		B3FA9E0E1E8B4A80B49ACBC1 /* Debug */ = {isa = XCBuildConfiguration; buildSettings = {ASSETCATALOG_COMPILER_APPICON_NAME = AppIcon;
				CLANG_ENABLE_MODULES = YES;
				CURRENT_PROJECT_VERSION = 1;
				ENABLE_PREVIEWS = YES;
				GENERATE_INFOPLIST_FILE = YES;
				INFOPLIST_FILE = NanamiCat/Info.plist;
				IPHONEOS_DEPLOYMENT_TARGET = 17.0;
				LD_RUNPATH_SEARCH_PATHS = "$(inherited) @executable_path/Frameworks";
				MARKETING_VERSION = 1.0;
				PRODUCT_BUNDLE_IDENTIFIER = com.nanamicat.app;
				PRODUCT_NAME = "$(TARGET_NAME)";
				SDKROOT = iphoneos;
				SUPPORTED_PLATFORMS = "iphoneos iphonesimulator";
				SWIFT_EMIT_LOC_STRINGS = YES;
				SWIFT_VERSION = 5.0;
				TARGETED_DEVICE_FAMILY = 1;
				CODE_SIGN_STYLE = Automatic;}; name = Debug; };
		47210065C3C241FD9E2CAEF1 /* Release */ = {isa = XCBuildConfiguration; buildSettings = {ASSETCATALOG_COMPILER_APPICON_NAME = AppIcon;
				CLANG_ENABLE_MODULES = YES;
				CURRENT_PROJECT_VERSION = 1;
				ENABLE_PREVIEWS = YES;
				GENERATE_INFOPLIST_FILE = YES;
				INFOPLIST_FILE = NanamiCat/Info.plist;
				IPHONEOS_DEPLOYMENT_TARGET = 17.0;
				LD_RUNPATH_SEARCH_PATHS = "$(inherited) @executable_path/Frameworks";
				MARKETING_VERSION = 1.0;
				PRODUCT_BUNDLE_IDENTIFIER = com.nanamicat.app;
				PRODUCT_NAME = "$(TARGET_NAME)";
				SDKROOT = iphoneos;
				SUPPORTED_PLATFORMS = "iphoneos iphonesimulator";
				SWIFT_EMIT_LOC_STRINGS = YES;
				SWIFT_VERSION = 5.0;
				TARGETED_DEVICE_FAMILY = 1;
				CODE_SIGN_STYLE = Automatic;}; name = Release; };
		708098EFBECC462AB9DC2C14 = {isa = XCConfigurationList; buildConfigurations = (03A1416D2E4243DD9817D0C1 /* Debug */, DB830BB7700644CF90F73733 /* Release */); defaultConfigurationIsVisible = 0; defaultConfigurationName = Release; };
		D7ADC1AE3B8348809F6C185B = {isa = XCConfigurationList; buildConfigurations = (B3FA9E0E1E8B4A80B49ACBC1 /* Debug */, 47210065C3C241FD9E2CAEF1 /* Release */); defaultConfigurationIsVisible = 0; defaultConfigurationName = Release; };
	};
	rootObject = 900B145EFD644BB5A2F9BD5B /* Project object */;
}
