// !$*UTF8*$!
{
	archiveVersion = 1;
	classes = {};
	objectVersion = 56;
	objects = {
		0E13E863F51448C696DCB92C /* App/NanamiCatApp.swift in Sources */ = {isa = PBXBuildFile; fileRef = 0564C2BB46E34FCEB0FADA1D /* App/NanamiCatApp.swift */; };
		3EBD878E2A17424A9BD35D54 /* App/RootTabView.swift in Sources */ = {isa = PBXBuildFile; fileRef = 694F5345E7CC454D96B7F7D9 /* App/RootTabView.swift */; };
		1E1E4FCD2E56480E8B2D5DC6 /* App/SplashGateView.swift in Sources */ = {isa = PBXBuildFile; fileRef = 699FD4CD7EFB4710BBE63C75 /* App/SplashGateView.swift */; };
		C44DD4257DF74112A7AE13EB /* Core/Ads/SplashAdCoordinator.swift in Sources */ = {isa = PBXBuildFile; fileRef = 54FEB9FB3AB44DFD88582F92 /* Core/Ads/SplashAdCoordinator.swift */; };
		EE3DC246B77A4169BE23753C /* Core/Models/GameModels.swift in Sources */ = {isa = PBXBuildFile; fileRef = D24C739067C043A59B07F7BF /* Core/Models/GameModels.swift */; };
		38B41F233C6147F1BE082456 /* Core/Networking/APIClient.swift in Sources */ = {isa = PBXBuildFile; fileRef = 12D2F334E9A3435FA33073C5 /* Core/Networking/APIClient.swift */; };
		8ACB202AD718463189905EA4 /* Core/Persistence/UserDefaultsStore.swift in Sources */ = {isa = PBXBuildFile; fileRef = 455970874021421D91C25023 /* Core/Persistence/UserDefaultsStore.swift */; };
		7BC38437F3814D8EBE152C0B /* Core/PuzzleEngine/PuzzleEngine.swift in Sources */ = {isa = PBXBuildFile; fileRef = F3E7B8B945D2427D9E5890FF /* Core/PuzzleEngine/PuzzleEngine.swift */; };
		223CFDD986284AF78202053C /* DesignSystem/DesignSystem.swift in Sources */ = {isa = PBXBuildFile; fileRef = 3192C3A4FDB04B0EB32E7377 /* DesignSystem/DesignSystem.swift */; };
		714444EDFD1046C184E9E6FA /* DesignSystem/L10n.swift in Sources */ = {isa = PBXBuildFile; fileRef = 165A4A98100246B29B89B802 /* DesignSystem/L10n.swift */; };
		A79918552EF04F6393FF87A8 /* Features/Contribute/ContributeView.swift in Sources */ = {isa = PBXBuildFile; fileRef = F11AFA282D0A4D018ACFE371 /* Features/Contribute/ContributeView.swift */; };
		2C4BE82F2B5C4E45B0E304BB /* Features/Game/GameView.swift in Sources */ = {isa = PBXBuildFile; fileRef = 7DC2BC37DDC9474B8848DF90 /* Features/Game/GameView.swift */; };
		D06D651C4902409887C87410 /* Features/Game/GameViewModel.swift in Sources */ = {isa = PBXBuildFile; fileRef = D70405C94C0540A789495F14 /* Features/Game/GameViewModel.swift */; };
		BA373EB976EB4ECFAAC769F1 /* Features/Leaderboard/LeaderboardView.swift in Sources */ = {isa = PBXBuildFile; fileRef = 1C0B4A4C27CE4D488D16E0F2 /* Features/Leaderboard/LeaderboardView.swift */; };
		E25132B9E3A54985971B9A99 /* Features/Settings/SettingsView.swift in Sources */ = {isa = PBXBuildFile; fileRef = A4B6B31E780B42D5A118541E /* Features/Settings/SettingsView.swift */; };
		B4C221C4CC014D03BDBB6791 /* Resources/puzzle-data.json in Resources */ = {isa = PBXBuildFile; fileRef = 2A50936434AC447A8EFEC604 /* Resources/puzzle-data.json */; };
		C37E82562EC94DCD8D53C0C6 /* Resources/Assets.xcassets in Resources */ = {isa = PBXBuildFile; fileRef = DE4F907B077F4A0982283B04 /* Resources/Assets.xcassets */; };
		E1AE71FAE88E4865B1D396B1 /* Resources/Fonts/Caveat-Variable.ttf in Resources */ = {isa = PBXBuildFile; fileRef = 3D56F0A5AFF14ECCA38CD2B5 /* Resources/Fonts/Caveat-Variable.ttf */; };
		0564C2BB46E34FCEB0FADA1D /* App/NanamiCatApp.swift */ = {isa = PBXFileReference; lastKnownFileType = sourcecode.swift; path = "App/NanamiCatApp.swift"; sourceTree = "<group>"; };
		694F5345E7CC454D96B7F7D9 /* App/RootTabView.swift */ = {isa = PBXFileReference; lastKnownFileType = sourcecode.swift; path = "App/RootTabView.swift"; sourceTree = "<group>"; };
		699FD4CD7EFB4710BBE63C75 /* App/SplashGateView.swift */ = {isa = PBXFileReference; lastKnownFileType = sourcecode.swift; path = "App/SplashGateView.swift"; sourceTree = "<group>"; };
		54FEB9FB3AB44DFD88582F92 /* Core/Ads/SplashAdCoordinator.swift */ = {isa = PBXFileReference; lastKnownFileType = sourcecode.swift; path = "Core/Ads/SplashAdCoordinator.swift"; sourceTree = "<group>"; };
		D24C739067C043A59B07F7BF /* Core/Models/GameModels.swift */ = {isa = PBXFileReference; lastKnownFileType = sourcecode.swift; path = "Core/Models/GameModels.swift"; sourceTree = "<group>"; };
		12D2F334E9A3435FA33073C5 /* Core/Networking/APIClient.swift */ = {isa = PBXFileReference; lastKnownFileType = sourcecode.swift; path = "Core/Networking/APIClient.swift"; sourceTree = "<group>"; };
		455970874021421D91C25023 /* Core/Persistence/UserDefaultsStore.swift */ = {isa = PBXFileReference; lastKnownFileType = sourcecode.swift; path = "Core/Persistence/UserDefaultsStore.swift"; sourceTree = "<group>"; };
		F3E7B8B945D2427D9E5890FF /* Core/PuzzleEngine/PuzzleEngine.swift */ = {isa = PBXFileReference; lastKnownFileType = sourcecode.swift; path = "Core/PuzzleEngine/PuzzleEngine.swift"; sourceTree = "<group>"; };
		3192C3A4FDB04B0EB32E7377 /* DesignSystem/DesignSystem.swift */ = {isa = PBXFileReference; lastKnownFileType = sourcecode.swift; path = "DesignSystem/DesignSystem.swift"; sourceTree = "<group>"; };
		165A4A98100246B29B89B802 /* DesignSystem/L10n.swift */ = {isa = PBXFileReference; lastKnownFileType = sourcecode.swift; path = "DesignSystem/L10n.swift"; sourceTree = "<group>"; };
		F11AFA282D0A4D018ACFE371 /* Features/Contribute/ContributeView.swift */ = {isa = PBXFileReference; lastKnownFileType = sourcecode.swift; path = "Features/Contribute/ContributeView.swift"; sourceTree = "<group>"; };
		7DC2BC37DDC9474B8848DF90 /* Features/Game/GameView.swift */ = {isa = PBXFileReference; lastKnownFileType = sourcecode.swift; path = "Features/Game/GameView.swift"; sourceTree = "<group>"; };
		D70405C94C0540A789495F14 /* Features/Game/GameViewModel.swift */ = {isa = PBXFileReference; lastKnownFileType = sourcecode.swift; path = "Features/Game/GameViewModel.swift"; sourceTree = "<group>"; };
		1C0B4A4C27CE4D488D16E0F2 /* Features/Leaderboard/LeaderboardView.swift */ = {isa = PBXFileReference; lastKnownFileType = sourcecode.swift; path = "Features/Leaderboard/LeaderboardView.swift"; sourceTree = "<group>"; };
		A4B6B31E780B42D5A118541E /* Features/Settings/SettingsView.swift */ = {isa = PBXFileReference; lastKnownFileType = sourcecode.swift; path = "Features/Settings/SettingsView.swift"; sourceTree = "<group>"; };
		2A50936434AC447A8EFEC604 /* Resources/puzzle-data.json */ = {isa = PBXFileReference; lastKnownFileType = text.json; path = "Resources/puzzle-data.json"; sourceTree = "<group>"; };
		DE4F907B077F4A0982283B04 /* Resources/Assets.xcassets */ = {isa = PBXFileReference; lastKnownFileType = folder.assetcatalog; path = "Resources/Assets.xcassets"; sourceTree = "<group>"; };
		3D56F0A5AFF14ECCA38CD2B5 /* Resources/Fonts/Caveat-Variable.ttf */ = {isa = PBXFileReference; lastKnownFileType = file; path = "Resources/Fonts/Caveat-Variable.ttf"; sourceTree = "<group>"; };
		726E600A59B94731891D46C0 /* NanamiCat.app */ = {isa = PBXFileReference; explicitFileType = wrapper.application; includeInIndex = 0; path = NanamiCat.app; sourceTree = BUILT_PRODUCTS_DIR; };
		3DC1CBB074B8410EAB7A8FAE = {isa = PBXGroup; children = (98FE725114544F65A01A5A04 /* NanamiCat */, 93A13C256B9E4112AAE7CCB1 /* Products */); sourceTree = "<group>"; };
		93A13C256B9E4112AAE7CCB1 /* Products */ = {isa = PBXGroup; children = (726E600A59B94731891D46C0 /* NanamiCat.app */); name = Products; sourceTree = "<group>"; };
		98FE725114544F65A01A5A04 /* NanamiCat */ = {isa = PBXGroup; children = (0564C2BB46E34FCEB0FADA1D /* App/NanamiCatApp.swift */, 694F5345E7CC454D96B7F7D9 /* App/RootTabView.swift */, 699FD4CD7EFB4710BBE63C75 /* App/SplashGateView.swift */, 54FEB9FB3AB44DFD88582F92 /* Core/Ads/SplashAdCoordinator.swift */, D24C739067C043A59B07F7BF /* Core/Models/GameModels.swift */, 12D2F334E9A3435FA33073C5 /* Core/Networking/APIClient.swift */, 455970874021421D91C25023 /* Core/Persistence/UserDefaultsStore.swift */, F3E7B8B945D2427D9E5890FF /* Core/PuzzleEngine/PuzzleEngine.swift */, 3192C3A4FDB04B0EB32E7377 /* DesignSystem/DesignSystem.swift */, 165A4A98100246B29B89B802 /* DesignSystem/L10n.swift */, F11AFA282D0A4D018ACFE371 /* Features/Contribute/ContributeView.swift */, 7DC2BC37DDC9474B8848DF90 /* Features/Game/GameView.swift */, D70405C94C0540A789495F14 /* Features/Game/GameViewModel.swift */, 1C0B4A4C27CE4D488D16E0F2 /* Features/Leaderboard/LeaderboardView.swift */, A4B6B31E780B42D5A118541E /* Features/Settings/SettingsView.swift */, 2A50936434AC447A8EFEC604 /* Resources/puzzle-data.json */, DE4F907B077F4A0982283B04 /* Resources/Assets.xcassets */, 3D56F0A5AFF14ECCA38CD2B5 /* Resources/Fonts/Caveat-Variable.ttf */); path = NanamiCat; sourceTree = "<group>"; };
		10E5A83DA3FC4826BE0A3F23 /* Frameworks */ = {isa = PBXFrameworksBuildPhase; buildActionMask = 2147483647; files = (); runOnlyForDeploymentPostprocessing = 0; };
		F02B95978FC14270A955B933 /* Sources */ = {isa = PBXSourcesBuildPhase; buildActionMask = 2147483647; files = (0E13E863F51448C696DCB92C /* App/NanamiCatApp.swift in Sources */, 3EBD878E2A17424A9BD35D54 /* App/RootTabView.swift in Sources */, 1E1E4FCD2E56480E8B2D5DC6 /* App/SplashGateView.swift in Sources */, C44DD4257DF74112A7AE13EB /* Core/Ads/SplashAdCoordinator.swift in Sources */, EE3DC246B77A4169BE23753C /* Core/Models/GameModels.swift in Sources */, 38B41F233C6147F1BE082456 /* Core/Networking/APIClient.swift in Sources */, 8ACB202AD718463189905EA4 /* Core/Persistence/UserDefaultsStore.swift in Sources */, 7BC38437F3814D8EBE152C0B /* Core/PuzzleEngine/PuzzleEngine.swift in Sources */, 223CFDD986284AF78202053C /* DesignSystem/DesignSystem.swift in Sources */, 714444EDFD1046C184E9E6FA /* DesignSystem/L10n.swift in Sources */, A79918552EF04F6393FF87A8 /* Features/Contribute/ContributeView.swift in Sources */, 2C4BE82F2B5C4E45B0E304BB /* Features/Game/GameView.swift in Sources */, D06D651C4902409887C87410 /* Features/Game/GameViewModel.swift in Sources */, BA373EB976EB4ECFAAC769F1 /* Features/Leaderboard/LeaderboardView.swift in Sources */, E25132B9E3A54985971B9A99 /* Features/Settings/SettingsView.swift in Sources */); runOnlyForDeploymentPostprocessing = 0; };
		299C8F2277614E9E8776A613 /* Resources */ = {isa = PBXResourcesBuildPhase; buildActionMask = 2147483647; files = (B4C221C4CC014D03BDBB6791 /* Resources/puzzle-data.json in Resources */, C37E82562EC94DCD8D53C0C6 /* Resources/Assets.xcassets in Resources */, E1AE71FAE88E4865B1D396B1 /* Resources/Fonts/Caveat-Variable.ttf in Resources */); runOnlyForDeploymentPostprocessing = 0; };
		005B172648CA4AC488782737 /* NanamiCat */ = {isa = PBXNativeTarget; buildConfigurationList = 439DC761F66546FCB6EA6D8F; buildPhases = (F02B95978FC14270A955B933 /* Sources */, 10E5A83DA3FC4826BE0A3F23 /* Frameworks */, 299C8F2277614E9E8776A613 /* Resources */); buildRules = (); dependencies = (); name = NanamiCat; productName = NanamiCat; productReference = 726E600A59B94731891D46C0; productType = "com.apple.product-type.application"; };
		68398A87071E4C35B452B2AC /* Project object */ = {isa = PBXProject; attributes = {BuildIndependentTargetsInParallel = 1;}; buildConfigurationList = B3473136184944A1A7EF5B45; compatibilityVersion = "Xcode 14.0"; developmentRegion = en; hasScannedForEncodings = 0; knownRegions = (en, Base, "zh-Hans"); mainGroup = 3DC1CBB074B8410EAB7A8FAE; productRefGroup = 93A13C256B9E4112AAE7CCB1; projectDirPath = ""; projectRoot = ""; targets = (005B172648CA4AC488782737); };
		6B54002CC5764796B5CC4E37 /* Debug */ = {isa = XCBuildConfiguration; buildSettings = {ASSETCATALOG_COMPILER_APPICON_NAME = AppIcon;
				CLANG_ENABLE_MODULES = YES;
				CURRENT_PROJECT_VERSION = 1;
				ENABLE_PREVIEWS = YES;
				GENERATE_INFOPLIST_FILE = YES;
				INFOPLIST_FILE = NanamiCat/Info.plist;
				IPHONEOS_DEPLOYMENT_TARGET = 17.0;
				LD_RUNPATH_SEARCH_PATHS = "$(inherited) @executable_path/Frameworks";
				MARKETING_VERSION = 1.0;
				PRODUCT_BUNDLE_IDENTIFIER = com.nanamicat.app;
				PRODUCT_NAME = "$(TARGET_NAME)";
				SDKROOT = iphoneos;
				SUPPORTED_PLATFORMS = "iphoneos iphonesimulator";
				SWIFT_EMIT_LOC_STRINGS = YES;
				SWIFT_VERSION = 5.0;
				TARGETED_DEVICE_FAMILY = 1;
				SWIFT_ACTIVE_COMPILATION_CONDITIONS = DEBUG;
				ALWAYS_SEARCH_USER_PATHS = NO;}; name = Debug; };
		51B1CC1781A349029E860780 /* Release */ = {isa = XCBuildConfiguration; buildSettings = {ASSETCATALOG_COMPILER_APPICON_NAME = AppIcon;
				CLANG_ENABLE_MODULES = YES;
				CURRENT_PROJECT_VERSION = 1;
				ENABLE_PREVIEWS = YES;
				GENERATE_INFOPLIST_FILE = YES;
				INFOPLIST_FILE = NanamiCat/Info.plist;
				IPHONEOS_DEPLOYMENT_TARGET = 17.0;
				LD_RUNPATH_SEARCH_PATHS = "$(inherited) @executable_path/Frameworks";
				MARKETING_VERSION = 1.0;
				PRODUCT_BUNDLE_IDENTIFIER = com.nanamicat.app;
				PRODUCT_NAME = "$(TARGET_NAME)";
				SDKROOT = iphoneos;
				SUPPORTED_PLATFORMS = "iphoneos iphonesimulator";
				SWIFT_EMIT_LOC_STRINGS = YES;
				SWIFT_VERSION = 5.0;
				TARGETED_DEVICE_FAMILY = 1;
				ALWAYS_SEARCH_USER_PATHS = NO;}; name = Release; };
		CFE2AF09B33F4BD496C5EB43 /* Debug */ = {isa = XCBuildConfiguration; buildSettings = {ASSETCATALOG_COMPILER_APPICON_NAME = AppIcon;
				CLANG_ENABLE_MODULES = YES;
				CURRENT_PROJECT_VERSION = 1;
				ENABLE_PREVIEWS = YES;
				GENERATE_INFOPLIST_FILE = YES;
				INFOPLIST_FILE = NanamiCat/Info.plist;
				IPHONEOS_DEPLOYMENT_TARGET = 17.0;
				LD_RUNPATH_SEARCH_PATHS = "$(inherited) @executable_path/Frameworks";
				MARKETING_VERSION = 1.0;
				PRODUCT_BUNDLE_IDENTIFIER = com.nanamicat.app;
				PRODUCT_NAME = "$(TARGET_NAME)";
				SDKROOT = iphoneos;
				SUPPORTED_PLATFORMS = "iphoneos iphonesimulator";
				SWIFT_EMIT_LOC_STRINGS = YES;
				SWIFT_VERSION = 5.0;
				TARGETED_DEVICE_FAMILY = 1;
				CODE_SIGN_STYLE = Automatic;}; name = Debug; };
		5D02C87F7BC642B685A8BBA9 /* Release */ = {isa = XCBuildConfiguration; buildSettings = {ASSETCATALOG_COMPILER_APPICON_NAME = AppIcon;
				CLANG_ENABLE_MODULES = YES;
				CURRENT_PROJECT_VERSION = 1;
				ENABLE_PREVIEWS = YES;
				GENERATE_INFOPLIST_FILE = YES;
				INFOPLIST_FILE = NanamiCat/Info.plist;
				IPHONEOS_DEPLOYMENT_TARGET = 17.0;
				LD_RUNPATH_SEARCH_PATHS = "$(inherited) @executable_path/Frameworks";
				MARKETING_VERSION = 1.0;
				PRODUCT_BUNDLE_IDENTIFIER = com.nanamicat.app;
				PRODUCT_NAME = "$(TARGET_NAME)";
				SDKROOT = iphoneos;
				SUPPORTED_PLATFORMS = "iphoneos iphonesimulator";
				SWIFT_EMIT_LOC_STRINGS = YES;
				SWIFT_VERSION = 5.0;
				TARGETED_DEVICE_FAMILY = 1;
				CODE_SIGN_STYLE = Automatic;}; name = Release; };
		B3473136184944A1A7EF5B45 = {isa = XCConfigurationList; buildConfigurations = (6B54002CC5764796B5CC4E37 /* Debug */, 51B1CC1781A349029E860780 /* Release */); defaultConfigurationIsVisible = 0; defaultConfigurationName = Release; };
		439DC761F66546FCB6EA6D8F = {isa = XCConfigurationList; buildConfigurations = (CFE2AF09B33F4BD496C5EB43 /* Debug */, 5D02C87F7BC642B685A8BBA9 /* Release */); defaultConfigurationIsVisible = 0; defaultConfigurationName = Release; };
	};
	rootObject = 68398A87071E4C35B452B2AC /* Project object */;
}
